
Microsoft Visual Studio Solution File, Format Version 11.00
# Visual Studio 2010
Project("{FAE04EC0-301F-11D3-BF4B-00C04F79EFBC}") = "FindTheObjects", "Assembly-CSharp.csproj", "{13F0DA0E-A4E2-1548-FEEA-D2CE7382E796}"
EndProject
Global
	GlobalSection(SolutionConfigurationPlatforms) = preSolution
		Debug|Any CPU = Debug|Any CPU
		Release|Any CPU = Release|Any CPU
	EndGlobalSection
	GlobalSection(ProjectConfigurationPlatforms) = postSolution
		{13F0DA0E-A4E2-1548-FEEA-D2CE7382E796}.Debug|Any CPU.ActiveCfg = Debug|Any CPU
		{13F0DA0E-A4E2-1548-FEEA-D2CE7382E796}.Debug|Any CPU.Build.0 = Debug|Any CPU
		{13F0DA0E-A4E2-1548-FEEA-D2CE7382E796}.Release|Any CPU.ActiveCfg = Release|Any CPU
		{13F0DA0E-A4E2-1548-FEEA-D2CE7382E796}.Release|Any CPU.Build.0 = Release|Any CPU
	EndGlobalSection
	GlobalSection(SolutionProperties) = preSolution
		HideSolutionNode = FALSE
	EndGlobalSection
	GlobalSection(MonoDevelopProperties) = preSolution
		StartupItem = Assembly-CSharp.csproj
	EndGlobalSection
EndGlobal
